// !$*UTF8*$!
{
	archiveVersion = 1;
	classes = {
	};
	objectVersion = 46;
	objects = {

/* Begin PBXBuildFile section */
		1D0621D71831642A002350B5 /* libCatfish.a in Frameworks */ = {isa = PBXBuildFile; fileRef = 1D0621BF1831642A002350B5 /* libCatfish.a */; };
		1D0621DD1831642A002350B5 /* InfoPlist.strings in Resources */ = {isa = PBXBuildFile; fileRef = 1D0621DB1831642A002350B5 /* InfoPlist.strings */; };
		1D0621DF1831642A002350B5 /* CatfishTests.m in Sources */ = {isa = PBXBuildFile; fileRef = 1D0621DE1831642A002350B5 /* CatfishTests.m */; };
		1D07CB4B1A3172B600A3DF07 /* UIImage+CFResize.m in Sources */ = {isa = PBXBuildFile; fileRef = 1D07CB4A1A3172B600A3DF07 /* UIImage+CFResize.m */; };
		1D07D2C2189F2490000EB8E2 /* NSDate+CFFormattedStrings.m in Sources */ = {isa = PBXBuildFile; fileRef = 1D07D2A2189F2490000EB8E2 /* NSDate+CFFormattedStrings.m */; };
		1D07D2C3189F2490000EB8E2 /* NSException+CFThrowable.m in Sources */ = {isa = PBXBuildFile; fileRef = 1D07D2A5189F2490000EB8E2 /* NSException+CFThrowable.m */; };
		1D07D2C4189F2490000EB8E2 /* NSString+CFDateComparable.m in Sources */ = {isa = PBXBuildFile; fileRef = 1D07D2A9189F2490000EB8E2 /* NSString+CFDateComparable.m */; };
		1D07D2C5189F2490000EB8E2 /* NSString+CFFormatted.m in Sources */ = {isa = PBXBuildFile; fileRef = 1D07D2AB189F2490000EB8E2 /* NSString+CFFormatted.m */; };
		1D07D2C6189F2490000EB8E2 /* NSString+CFLocalized.m in Sources */ = {isa = PBXBuildFile; fileRef = 1D07D2AD189F2490000EB8E2 /* NSString+CFLocalized.m */; };
		1D07D2C7189F2490000EB8E2 /* NSString+CFValidation.m in Sources */ = {isa = PBXBuildFile; fileRef = 1D07D2AF189F2490000EB8E2 /* NSString+CFValidation.m */; };
		1D07D2C8189F2490000EB8E2 /* UIAlertView+CFUtility.m in Sources */ = {isa = PBXBuildFile; fileRef = 1D07D2B3189F2490000EB8E2 /* UIAlertView+CFUtility.m */; };
		1D07D2C9189F2490000EB8E2 /* UIImage+CFColor.m in Sources */ = {isa = PBXBuildFile; fileRef = 1D07D2B6189F2490000EB8E2 /* UIImage+CFColor.m */; };
		1D07D2CA189F2490000EB8E2 /* CFMailMessageCompose.m in Sources */ = {isa = PBXBuildFile; fileRef = 1D07D2B9189F2490000EB8E2 /* CFMailMessageCompose.m */; };
		1D07D2CB189F2490000EB8E2 /* CFSMSMessageCompose.m in Sources */ = {isa = PBXBuildFile; fileRef = 1D07D2BB189F2490000EB8E2 /* CFSMSMessageCompose.m */; };
		1D07D2CC189F2490000EB8E2 /* CFFoundationVersionNumber.m in Sources */ = {isa = PBXBuildFile; fileRef = 1D07D2BF189F2490000EB8E2 /* CFFoundationVersionNumber.m */; };
		1D07D2CD189F2490000EB8E2 /* CFStringConstants.m in Sources */ = {isa = PBXBuildFile; fileRef = 1D07D2C1189F2490000EB8E2 /* CFStringConstants.m */; };
		1D1E85021A8DF22E0076F57E /* CFSoundHelper.m in Sources */ = {isa = PBXBuildFile; fileRef = 1D1E85011A8DF22E0076F57E /* CFSoundHelper.m */; };
		1D2C907C18A3042E002CB358 /* CFUIButton.m in Sources */ = {isa = PBXBuildFile; fileRef = 1D2C907B18A3042E002CB358 /* CFUIButton.m */; };
		1D48EC701A917D4A002B286B /* UIPageViewController+CFScrollView.m in Sources */ = {isa = PBXBuildFile; fileRef = 1D48EC6F1A917D4A002B286B /* UIPageViewController+CFScrollView.m */; };
		1DEB34DD1A2920E20092DA7A /* AUISelectiveBordersLayer.m in Sources */ = {isa = PBXBuildFile; fileRef = 1DEB34D81A2920E20092DA7A /* AUISelectiveBordersLayer.m */; };
		1DEB34DE1A2920E20092DA7A /* AUISelectiveBordersView.m in Sources */ = {isa = PBXBuildFile; fileRef = 1DEB34DA1A2920E20092DA7A /* AUISelectiveBordersView.m */; };
		1DEB34DF1A2920E20092DA7A /* UIView+AUISelectiveBorder.m in Sources */ = {isa = PBXBuildFile; fileRef = 1DEB34DC1A2920E20092DA7A /* UIView+AUISelectiveBorder.m */; };
		1DEB34E81A2925AA0092DA7A /* UIViewController+CFNavigationItemButton.m in Sources */ = {isa = PBXBuildFile; fileRef = 1DEB34E71A2925AA0092DA7A /* UIViewController+CFNavigationItemButton.m */; };
		1DEB34EB1A2925F80092DA7A /* UIViewController+CFPresentViewController.m in Sources */ = {isa = PBXBuildFile; fileRef = 1DEB34EA1A2925F80092DA7A /* UIViewController+CFPresentViewController.m */; };
		1DEB34F21A295BDD0092DA7A /* UIView+CFRoundify.m in Sources */ = {isa = PBXBuildFile; fileRef = 1DEB34F11A295BDD0092DA7A /* UIView+CFRoundify.m */; };
		1DEB34F81A299C320092DA7A /* NSObject+Blocks.m in Sources */ = {isa = PBXBuildFile; fileRef = 1DEB34F71A299C320092DA7A /* NSObject+Blocks.m */; };
		624590C67FC84C16B4226837 /* libPods.a in Frameworks */ = {isa = PBXBuildFile; fileRef = 968D03187068443CA12CDAD3 /* libPods.a */; };
/* End PBXBuildFile section */

/* Begin PBXContainerItemProxy section */
		1D0621D51831642A002350B5 /* PBXContainerItemProxy */ = {
			isa = PBXContainerItemProxy;
			containerPortal = 1D0621B71831642A002350B5 /* Project object */;
			proxyType = 1;
			remoteGlobalIDString = 1D0621BE1831642A002350B5;
			remoteInfo = Catfish;
		};
/* End PBXContainerItemProxy section */

/* Begin PBXCopyFilesBuildPhase section */
		1D0621BD1831642A002350B5 /* CopyFiles */ = {
			isa = PBXCopyFilesBuildPhase;
			buildActionMask = 2147483647;
			dstPath = "include/$(PRODUCT_NAME)";
			dstSubfolderSpec = 7;
			files = (
			);
			runOnlyForDeploymentPostprocessing = 0;
		};
/* End PBXCopyFilesBuildPhase section */

/* Begin PBXFileReference section */
		1D0621BF1831642A002350B5 /* libCatfish.a */ = {isa = PBXFileReference; explicitFileType = archive.ar; includeInIndex = 0; path = libCatfish.a; sourceTree = BUILT_PRODUCTS_DIR; };
		1D0621CF1831642A002350B5 /* CatfishTests.xctest */ = {isa = PBXFileReference; explicitFileType = wrapper.cfbundle; includeInIndex = 0; path = CatfishTests.xctest; sourceTree = BUILT_PRODUCTS_DIR; };
		1D0621DA1831642A002350B5 /* CatfishTests-Info.plist */ = {isa = PBXFileReference; lastKnownFileType = text.plist.xml; path = "CatfishTests-Info.plist"; sourceTree = "<group>"; };
		1D0621DC1831642A002350B5 /* en */ = {isa = PBXFileReference; lastKnownFileType = text.plist.strings; name = en; path = en.lproj/InfoPlist.strings; sourceTree = "<group>"; };
		1D0621DE1831642A002350B5 /* CatfishTests.m */ = {isa = PBXFileReference; lastKnownFileType = sourcecode.c.objc; path = CatfishTests.m; sourceTree = "<group>"; };
		1D07CB491A3172B600A3DF07 /* UIImage+CFResize.h */ = {isa = PBXFileReference; fileEncoding = 4; lastKnownFileType = sourcecode.c.h; path = "UIImage+CFResize.h"; sourceTree = "<group>"; };
		1D07CB4A1A3172B600A3DF07 /* UIImage+CFResize.m */ = {isa = PBXFileReference; fileEncoding = 4; lastKnownFileType = sourcecode.c.objc; path = "UIImage+CFResize.m"; sourceTree = "<group>"; };
		1D07D2A1189F2490000EB8E2 /* NSDate+CFFormattedStrings.h */ = {isa = PBXFileReference; fileEncoding = 4; lastKnownFileType = sourcecode.c.h; path = "NSDate+CFFormattedStrings.h"; sourceTree = "<group>"; };
		1D07D2A2189F2490000EB8E2 /* NSDate+CFFormattedStrings.m */ = {isa = PBXFileReference; fileEncoding = 4; lastKnownFileType = sourcecode.c.objc; path = "NSDate+CFFormattedStrings.m"; sourceTree = "<group>"; };
		1D07D2A4189F2490000EB8E2 /* NSException+CFThrowable.h */ = {isa = PBXFileReference; fileEncoding = 4; lastKnownFileType = sourcecode.c.h; path = "NSException+CFThrowable.h"; sourceTree = "<group>"; };
		1D07D2A5189F2490000EB8E2 /* NSException+CFThrowable.m */ = {isa = PBXFileReference; fileEncoding = 4; lastKnownFileType = sourcecode.c.objc; path = "NSException+CFThrowable.m"; sourceTree = "<group>"; };
		1D07D2A8189F2490000EB8E2 /* NSString+CFDateComparable.h */ = {isa = PBXFileReference; fileEncoding = 4; lastKnownFileType = sourcecode.c.h; path = "NSString+CFDateComparable.h"; sourceTree = "<group>"; };
		1D07D2A9189F2490000EB8E2 /* NSString+CFDateComparable.m */ = {isa = PBXFileReference; fileEncoding = 4; lastKnownFileType = sourcecode.c.objc; path = "NSString+CFDateComparable.m"; sourceTree = "<group>"; };
		1D07D2AA189F2490000EB8E2 /* NSString+CFFormatted.h */ = {isa = PBXFileReference; fileEncoding = 4; lastKnownFileType = sourcecode.c.h; path = "NSString+CFFormatted.h"; sourceTree = "<group>"; };
		1D07D2AB189F2490000EB8E2 /* NSString+CFFormatted.m */ = {isa = PBXFileReference; fileEncoding = 4; lastKnownFileType = sourcecode.c.objc; path = "NSString+CFFormatted.m"; sourceTree = "<group>"; };
		1D07D2AC189F2490000EB8E2 /* NSString+CFLocalized.h */ = {isa = PBXFileReference; fileEncoding = 4; lastKnownFileType = sourcecode.c.h; path = "NSString+CFLocalized.h"; sourceTree = "<group>"; };
		1D07D2AD189F2490000EB8E2 /* NSString+CFLocalized.m */ = {isa = PBXFileReference; fileEncoding = 4; lastKnownFileType = sourcecode.c.objc; path = "NSString+CFLocalized.m"; sourceTree = "<group>"; };
		1D07D2AE189F2490000EB8E2 /* NSString+CFValidation.h */ = {isa = PBXFileReference; fileEncoding = 4; lastKnownFileType = sourcecode.c.h; path = "NSString+CFValidation.h"; sourceTree = "<group>"; };
		1D07D2AF189F2490000EB8E2 /* NSString+CFValidation.m */ = {isa = PBXFileReference; fileEncoding = 4; lastKnownFileType = sourcecode.c.objc; path = "NSString+CFValidation.m"; sourceTree = "<group>"; };
		1D07D2B2189F2490000EB8E2 /* UIAlertView+CFUtility.h */ = {isa = PBXFileReference; fileEncoding = 4; lastKnownFileType = sourcecode.c.h; path = "UIAlertView+CFUtility.h"; sourceTree = "<group>"; };
		1D07D2B3189F2490000EB8E2 /* UIAlertView+CFUtility.m */ = {isa = PBXFileReference; fileEncoding = 4; lastKnownFileType = sourcecode.c.objc; path = "UIAlertView+CFUtility.m"; sourceTree = "<group>"; };
		1D07D2B5189F2490000EB8E2 /* UIImage+CFColor.h */ = {isa = PBXFileReference; fileEncoding = 4; lastKnownFileType = sourcecode.c.h; path = "UIImage+CFColor.h"; sourceTree = "<group>"; };
		1D07D2B6189F2490000EB8E2 /* UIImage+CFColor.m */ = {isa = PBXFileReference; fileEncoding = 4; lastKnownFileType = sourcecode.c.objc; path = "UIImage+CFColor.m"; sourceTree = "<group>"; };
		1D07D2B8189F2490000EB8E2 /* CFMailMessageCompose.h */ = {isa = PBXFileReference; fileEncoding = 4; lastKnownFileType = sourcecode.c.h; path = CFMailMessageCompose.h; sourceTree = "<group>"; };
		1D07D2B9189F2490000EB8E2 /* CFMailMessageCompose.m */ = {isa = PBXFileReference; fileEncoding = 4; lastKnownFileType = sourcecode.c.objc; path = CFMailMessageCompose.m; sourceTree = "<group>"; };
		1D07D2BA189F2490000EB8E2 /* CFSMSMessageCompose.h */ = {isa = PBXFileReference; fileEncoding = 4; lastKnownFileType = sourcecode.c.h; path = CFSMSMessageCompose.h; sourceTree = "<group>"; };
		1D07D2BB189F2490000EB8E2 /* CFSMSMessageCompose.m */ = {isa = PBXFileReference; fileEncoding = 4; lastKnownFileType = sourcecode.c.objc; path = CFSMSMessageCompose.m; sourceTree = "<group>"; };
		1D07D2BE189F2490000EB8E2 /* CFFoundationVersionNumber.h */ = {isa = PBXFileReference; fileEncoding = 4; lastKnownFileType = sourcecode.c.h; path = CFFoundationVersionNumber.h; sourceTree = "<group>"; };
		1D07D2BF189F2490000EB8E2 /* CFFoundationVersionNumber.m */ = {isa = PBXFileReference; fileEncoding = 4; lastKnownFileType = sourcecode.c.objc; path = CFFoundationVersionNumber.m; sourceTree = "<group>"; };
		1D07D2C0189F2490000EB8E2 /* CFStringConstants.h */ = {isa = PBXFileReference; fileEncoding = 4; lastKnownFileType = sourcecode.c.h; path = CFStringConstants.h; sourceTree = "<group>"; };
		1D07D2C1189F2490000EB8E2 /* CFStringConstants.m */ = {isa = PBXFileReference; fileEncoding = 4; lastKnownFileType = sourcecode.c.objc; path = CFStringConstants.m; sourceTree = "<group>"; };
		1D0AF8FE189B4CDC00F68928 /* Catfish-Prefix.pch */ = {isa = PBXFileReference; fileEncoding = 4; lastKnownFileType = sourcecode.c.h; path = "Catfish-Prefix.pch"; sourceTree = "<group>"; };
		1D0AF922189B4CDC00F68928 /* en */ = {isa = PBXFileReference; lastKnownFileType = text.plist.strings; name = en; path = en.lproj/Localizable.strings; sourceTree = "<group>"; };
		1D0AF924189B4CDC00F68928 /* Catfish-Walppaper-5.png */ = {isa = PBXFileReference; lastKnownFileType = image.png; path = "Catfish-Walppaper-5.png"; sourceTree = "<group>"; };
		1D0AF925189B4CDC00F68928 /* Support.bundle */ = {isa = PBXFileReference; lastKnownFileType = "wrapper.plug-in"; path = Support.bundle; sourceTree = "<group>"; };
		1D1E85001A8DF22E0076F57E /* CFSoundHelper.h */ = {isa = PBXFileReference; fileEncoding = 4; lastKnownFileType = sourcecode.c.h; path = CFSoundHelper.h; sourceTree = "<group>"; };
		1D1E85011A8DF22E0076F57E /* CFSoundHelper.m */ = {isa = PBXFileReference; fileEncoding = 4; lastKnownFileType = sourcecode.c.objc; path = CFSoundHelper.m; sourceTree = "<group>"; };
		1D2C907A18A3042E002CB358 /* CFUIButton.h */ = {isa = PBXFileReference; fileEncoding = 4; lastKnownFileType = sourcecode.c.h; path = CFUIButton.h; sourceTree = "<group>"; };
		1D2C907B18A3042E002CB358 /* CFUIButton.m */ = {isa = PBXFileReference; fileEncoding = 4; lastKnownFileType = sourcecode.c.objc; path = CFUIButton.m; sourceTree = "<group>"; };
		1D48EC6E1A917D4A002B286B /* UIPageViewController+CFScrollView.h */ = {isa = PBXFileReference; fileEncoding = 4; lastKnownFileType = sourcecode.c.h; path = "UIPageViewController+CFScrollView.h"; sourceTree = "<group>"; };
		1D48EC6F1A917D4A002B286B /* UIPageViewController+CFScrollView.m */ = {isa = PBXFileReference; fileEncoding = 4; lastKnownFileType = sourcecode.c.objc; path = "UIPageViewController+CFScrollView.m"; sourceTree = "<group>"; };
		1DEB34D71A2920E20092DA7A /* AUISelectiveBordersLayer.h */ = {isa = PBXFileReference; fileEncoding = 4; lastKnownFileType = sourcecode.c.h; path = AUISelectiveBordersLayer.h; sourceTree = "<group>"; };
		1DEB34D81A2920E20092DA7A /* AUISelectiveBordersLayer.m */ = {isa = PBXFileReference; fileEncoding = 4; lastKnownFileType = sourcecode.c.objc; path = AUISelectiveBordersLayer.m; sourceTree = "<group>"; };
		1DEB34D91A2920E20092DA7A /* AUISelectiveBordersView.h */ = {isa = PBXFileReference; fileEncoding = 4; lastKnownFileType = sourcecode.c.h; path = AUISelectiveBordersView.h; sourceTree = "<group>"; };
		1DEB34DA1A2920E20092DA7A /* AUISelectiveBordersView.m */ = {isa = PBXFileReference; fileEncoding = 4; lastKnownFileType = sourcecode.c.objc; path = AUISelectiveBordersView.m; sourceTree = "<group>"; };
		1DEB34DB1A2920E20092DA7A /* UIView+AUISelectiveBorder.h */ = {isa = PBXFileReference; fileEncoding = 4; lastKnownFileType = sourcecode.c.h; path = "UIView+AUISelectiveBorder.h"; sourceTree = "<group>"; };
		1DEB34DC1A2920E20092DA7A /* UIView+AUISelectiveBorder.m */ = {isa = PBXFileReference; fileEncoding = 4; lastKnownFileType = sourcecode.c.objc; path = "UIView+AUISelectiveBorder.m"; sourceTree = "<group>"; };
		1DEB34E61A2925AA0092DA7A /* UIViewController+CFNavigationItemButton.h */ = {isa = PBXFileReference; fileEncoding = 4; lastKnownFileType = sourcecode.c.h; path = "UIViewController+CFNavigationItemButton.h"; sourceTree = "<group>"; };
		1DEB34E71A2925AA0092DA7A /* UIViewController+CFNavigationItemButton.m */ = {isa = PBXFileReference; fileEncoding = 4; lastKnownFileType = sourcecode.c.objc; path = "UIViewController+CFNavigationItemButton.m"; sourceTree = "<group>"; };
		1DEB34E91A2925F80092DA7A /* UIViewController+CFPresentViewController.h */ = {isa = PBXFileReference; fileEncoding = 4; lastKnownFileType = sourcecode.c.h; path = "UIViewController+CFPresentViewController.h"; sourceTree = "<group>"; };
		1DEB34EA1A2925F80092DA7A /* UIViewController+CFPresentViewController.m */ = {isa = PBXFileReference; fileEncoding = 4; lastKnownFileType = sourcecode.c.objc; path = "UIViewController+CFPresentViewController.m"; sourceTree = "<group>"; };
		1DEB34EC1A2927160092DA7A /* Catfish.h */ = {isa = PBXFileReference; lastKnownFileType = sourcecode.c.h; path = Catfish.h; sourceTree = "<group>"; };
		1DEB34F01A295BDD0092DA7A /* UIView+CFRoundify.h */ = {isa = PBXFileReference; fileEncoding = 4; lastKnownFileType = sourcecode.c.h; path = "UIView+CFRoundify.h"; sourceTree = "<group>"; };
		1DEB34F11A295BDD0092DA7A /* UIView+CFRoundify.m */ = {isa = PBXFileReference; fileEncoding = 4; lastKnownFileType = sourcecode.c.objc; path = "UIView+CFRoundify.m"; sourceTree = "<group>"; };
		1DEB34F61A299C320092DA7A /* NSObject+Blocks.h */ = {isa = PBXFileReference; fileEncoding = 4; lastKnownFileType = sourcecode.c.h; path = "NSObject+Blocks.h"; sourceTree = "<group>"; };
		1DEB34F71A299C320092DA7A /* NSObject+Blocks.m */ = {isa = PBXFileReference; fileEncoding = 4; lastKnownFileType = sourcecode.c.objc; path = "NSObject+Blocks.m"; sourceTree = "<group>"; };
		968D03187068443CA12CDAD3 /* libPods.a */ = {isa = PBXFileReference; explicitFileType = archive.ar; includeInIndex = 0; path = libPods.a; sourceTree = BUILT_PRODUCTS_DIR; };
		987B91719BCB4C0EACD6A901 /* Pods.xcconfig */ = {isa = PBXFileReference; includeInIndex = 1; lastKnownFileType = text.xcconfig; name = Pods.xcconfig; path = Pods/Pods.xcconfig; sourceTree = "<group>"; };
/* End PBXFileReference section */

/* Begin PBXFrameworksBuildPhase section */
		1D0621BC1831642A002350B5 /* Frameworks */ = {
			isa = PBXFrameworksBuildPhase;
			buildActionMask = 2147483647;
			files = (
				624590C67FC84C16B4226837 /* libPods.a in Frameworks */,
			);
			runOnlyForDeploymentPostprocessing = 0;
		};
		1D0621CC1831642A002350B5 /* Frameworks */ = {
			isa = PBXFrameworksBuildPhase;
			buildActionMask = 2147483647;
			files = (
				1D0621D71831642A002350B5 /* libCatfish.a in Frameworks */,
			);
			runOnlyForDeploymentPostprocessing = 0;
		};
/* End PBXFrameworksBuildPhase section */

/* Begin PBXGroup section */
		1D0621B61831642A002350B5 = {
			isa = PBXGroup;
			children = (
				1D0AF8FD189B4CDC00F68928 /* Catfish */,
				1D0621D81831642A002350B5 /* CatfishTests */,
				1D0621C11831642A002350B5 /* Frameworks */,
				1D0621C01831642A002350B5 /* Products */,
				987B91719BCB4C0EACD6A901 /* Pods.xcconfig */,
			);
			sourceTree = "<group>";
		};
		1D0621C01831642A002350B5 /* Products */ = {
			isa = PBXGroup;
			children = (
				1D0621BF1831642A002350B5 /* libCatfish.a */,
				1D0621CF1831642A002350B5 /* CatfishTests.xctest */,
			);
			name = Products;
			sourceTree = "<group>";
		};
		1D0621C11831642A002350B5 /* Frameworks */ = {
			isa = PBXGroup;
			children = (
				968D03187068443CA12CDAD3 /* libPods.a */,
			);
			name = Frameworks;
			sourceTree = "<group>";
		};
		1D0621D81831642A002350B5 /* CatfishTests */ = {
			isa = PBXGroup;
			children = (
				1D0621DE1831642A002350B5 /* CatfishTests.m */,
				1D0621D91831642A002350B5 /* Supporting Files */,
			);
			path = CatfishTests;
			sourceTree = "<group>";
		};
		1D0621D91831642A002350B5 /* Supporting Files */ = {
			isa = PBXGroup;
			children = (
				1D0621DA1831642A002350B5 /* CatfishTests-Info.plist */,
				1D0621DB1831642A002350B5 /* InfoPlist.strings */,
			);
			name = "Supporting Files";
			sourceTree = "<group>";
		};
		1D07D29F189F2490000EB8E2 /* Categories */ = {
			isa = PBXGroup;
			children = (
				1D07D2A0189F2490000EB8E2 /* Date */,
				1D07D2A3189F2490000EB8E2 /* Exception */,
				1D07D2A6189F2490000EB8E2 /* Number */,
				1DEB34F51A299C320092DA7A /* Object */,
				1D07D2A7189F2490000EB8E2 /* String */,
				1D07D2B0189F2490000EB8E2 /* View */,
				1DEB34E41A2925920092DA7A /* ViewController */,
			);
			path = Categories;
			sourceTree = "<group>";
		};
		1D07D2A0189F2490000EB8E2 /* Date */ = {
			isa = PBXGroup;
			children = (
				1D07D2A1189F2490000EB8E2 /* NSDate+CFFormattedStrings.h */,
				1D07D2A2189F2490000EB8E2 /* NSDate+CFFormattedStrings.m */,
			);
			path = Date;
			sourceTree = "<group>";
		};
		1D07D2A3189F2490000EB8E2 /* Exception */ = {
			isa = PBXGroup;
			children = (
				1D07D2A4189F2490000EB8E2 /* NSException+CFThrowable.h */,
				1D07D2A5189F2490000EB8E2 /* NSException+CFThrowable.m */,
			);
			path = Exception;
			sourceTree = "<group>";
		};
		1D07D2A6189F2490000EB8E2 /* Number */ = {
			isa = PBXGroup;
			children = (
			);
			path = Number;
			sourceTree = "<group>";
		};
		1D07D2A7189F2490000EB8E2 /* String */ = {
			isa = PBXGroup;
			children = (
				1D07D2A8189F2490000EB8E2 /* NSString+CFDateComparable.h */,
				1D07D2A9189F2490000EB8E2 /* NSString+CFDateComparable.m */,
				1D07D2AA189F2490000EB8E2 /* NSString+CFFormatted.h */,
				1D07D2AB189F2490000EB8E2 /* NSString+CFFormatted.m */,
				1D07D2AC189F2490000EB8E2 /* NSString+CFLocalized.h */,
				1D07D2AD189F2490000EB8E2 /* NSString+CFLocalized.m */,
				1D07D2AE189F2490000EB8E2 /* NSString+CFValidation.h */,
				1D07D2AF189F2490000EB8E2 /* NSString+CFValidation.m */,
			);
			path = String;
			sourceTree = "<group>";
		};
		1D07D2B0189F2490000EB8E2 /* View */ = {
			isa = PBXGroup;
			children = (
				1D07D2B1189F2490000EB8E2 /* Alert */,
				1D07D2B4189F2490000EB8E2 /* Image */,
				1DEB34F01A295BDD0092DA7A /* UIView+CFRoundify.h */,
				1DEB34F11A295BDD0092DA7A /* UIView+CFRoundify.m */,
			);
			path = View;
			sourceTree = "<group>";
		};
		1D07D2B1189F2490000EB8E2 /* Alert */ = {
			isa = PBXGroup;
			children = (
				1D07D2B2189F2490000EB8E2 /* UIAlertView+CFUtility.h */,
				1D07D2B3189F2490000EB8E2 /* UIAlertView+CFUtility.m */,
			);
			path = Alert;
			sourceTree = "<group>";
		};
		1D07D2B4189F2490000EB8E2 /* Image */ = {
			isa = PBXGroup;
			children = (
				1D07D2B5189F2490000EB8E2 /* UIImage+CFColor.h */,
				1D07D2B6189F2490000EB8E2 /* UIImage+CFColor.m */,
				1D07CB491A3172B600A3DF07 /* UIImage+CFResize.h */,
				1D07CB4A1A3172B600A3DF07 /* UIImage+CFResize.m */,
			);
			path = Image;
			sourceTree = "<group>";
		};
		1D07D2B7189F2490000EB8E2 /* Picker */ = {
			isa = PBXGroup;
			children = (
				1D07D2B8189F2490000EB8E2 /* CFMailMessageCompose.h */,
				1D07D2B9189F2490000EB8E2 /* CFMailMessageCompose.m */,
				1D07D2BA189F2490000EB8E2 /* CFSMSMessageCompose.h */,
				1D07D2BB189F2490000EB8E2 /* CFSMSMessageCompose.m */,
			);
			path = Picker;
			sourceTree = "<group>";
		};
		1D07D2BC189F2490000EB8E2 /* View */ = {
			isa = PBXGroup;
			children = (
				1D07D2BD189F2490000EB8E2 /* Button */,
			);
			path = View;
			sourceTree = "<group>";
		};
		1D07D2BD189F2490000EB8E2 /* Button */ = {
			isa = PBXGroup;
			children = (
				1D2C907A18A3042E002CB358 /* CFUIButton.h */,
				1D2C907B18A3042E002CB358 /* CFUIButton.m */,
			);
			path = Button;
			sourceTree = "<group>";
		};
		1D0AF8FD189B4CDC00F68928 /* Catfish */ = {
			isa = PBXGroup;
			children = (
				1D0AF8FF189B4CDC00F68928 /* Classes */,
				1D0AF923189B4CDC00F68928 /* Resources */,
				1D0AF932189B4D0300F68928 /* Supporting Files */,
			);
			path = Catfish;
			sourceTree = "<group>";
		};
		1D0AF8FF189B4CDC00F68928 /* Classes */ = {
			isa = PBXGroup;
			children = (
				1D07D29F189F2490000EB8E2 /* Categories */,
				1D1E84FE1A8DF22E0076F57E /* Helpers */,
				1D07D2B7189F2490000EB8E2 /* Picker */,
				1D07D2BC189F2490000EB8E2 /* View */,
				1D07D2BE189F2490000EB8E2 /* CFFoundationVersionNumber.h */,
				1D07D2BF189F2490000EB8E2 /* CFFoundationVersionNumber.m */,
				1D07D2C0189F2490000EB8E2 /* CFStringConstants.h */,
				1D07D2C1189F2490000EB8E2 /* CFStringConstants.m */,
				1DEB34EC1A2927160092DA7A /* Catfish.h */,
				1DEB34D51A2920E20092DA7A /* Vendors */,
			);
			path = Classes;
			sourceTree = "<group>";
		};
		1D0AF923189B4CDC00F68928 /* Resources */ = {
			isa = PBXGroup;
			children = (
				1D0AF924189B4CDC00F68928 /* Catfish-Walppaper-5.png */,
				1D0AF925189B4CDC00F68928 /* Support.bundle */,
			);
			path = Resources;
			sourceTree = "<group>";
		};
		1D0AF932189B4D0300F68928 /* Supporting Files */ = {
			isa = PBXGroup;
			children = (
				1D0AF921189B4CDC00F68928 /* Localizable.strings */,
				1D0AF8FE189B4CDC00F68928 /* Catfish-Prefix.pch */,
			);
			name = "Supporting Files";
			sourceTree = "<group>";
		};
		1D1E84FE1A8DF22E0076F57E /* Helpers */ = {
			isa = PBXGroup;
			children = (
				1D1E84FF1A8DF22E0076F57E /* Sound */,
			);
			path = Helpers;
			sourceTree = "<group>";
		};
		1D1E84FF1A8DF22E0076F57E /* Sound */ = {
			isa = PBXGroup;
			children = (
				1D1E85001A8DF22E0076F57E /* CFSoundHelper.h */,
				1D1E85011A8DF22E0076F57E /* CFSoundHelper.m */,
			);
			path = Sound;
			sourceTree = "<group>";
		};
		1D48EC6A1A917C6D002B286B /* PageViewController */ = {
			isa = PBXGroup;
			children = (
				1D48EC6E1A917D4A002B286B /* UIPageViewController+CFScrollView.h */,
				1D48EC6F1A917D4A002B286B /* UIPageViewController+CFScrollView.m */,
			);
			path = PageViewController;
			sourceTree = "<group>";
		};
		1DEB34D51A2920E20092DA7A /* Vendors */ = {
			isa = PBXGroup;
			children = (
				1DEB34D61A2920E20092DA7A /* AUISelectiveBordersView */,
			);
			path = Vendors;
			sourceTree = "<group>";
		};
		1DEB34D61A2920E20092DA7A /* AUISelectiveBordersView */ = {
			isa = PBXGroup;
			children = (
				1DEB34D71A2920E20092DA7A /* AUISelectiveBordersLayer.h */,
				1DEB34D81A2920E20092DA7A /* AUISelectiveBordersLayer.m */,
				1DEB34D91A2920E20092DA7A /* AUISelectiveBordersView.h */,
				1DEB34DA1A2920E20092DA7A /* AUISelectiveBordersView.m */,
				1DEB34DB1A2920E20092DA7A /* UIView+AUISelectiveBorder.h */,
				1DEB34DC1A2920E20092DA7A /* UIView+AUISelectiveBorder.m */,
			);
			path = AUISelectiveBordersView;
			sourceTree = "<group>";
		};
		1DEB34E41A2925920092DA7A /* ViewController */ = {
			isa = PBXGroup;
			children = (
				1DEB34E51A2925AA0092DA7A /* Navigation */,
				1D48EC6A1A917C6D002B286B /* PageViewController */,
				1DEB34E91A2925F80092DA7A /* UIViewController+CFPresentViewController.h */,
				1DEB34EA1A2925F80092DA7A /* UIViewController+CFPresentViewController.m */,
			);
			path = ViewController;
			sourceTree = "<group>";
		};
		1DEB34E51A2925AA0092DA7A /* Navigation */ = {
			isa = PBXGroup;
			children = (
				1DEB34E61A2925AA0092DA7A /* UIViewController+CFNavigationItemButton.h */,
				1DEB34E71A2925AA0092DA7A /* UIViewController+CFNavigationItemButton.m */,
			);
			path = Navigation;
			sourceTree = "<group>";
		};
		1DEB34F51A299C320092DA7A /* Object */ = {
			isa = PBXGroup;
			children = (
				1DEB34F61A299C320092DA7A /* NSObject+Blocks.h */,
				1DEB34F71A299C320092DA7A /* NSObject+Blocks.m */,
			);
			path = Object;
			sourceTree = "<group>";
		};
/* End PBXGroup section */

/* Begin PBXNativeTarget section */
		1D0621BE1831642A002350B5 /* Catfish */ = {
			isa = PBXNativeTarget;
			buildConfigurationList = 1D0621E21831642A002350B5 /* Build configuration list for PBXNativeTarget "Catfish" */;
			buildPhases = (
				E2D676329C4B4F948945B7E0 /* Check Pods Manifest.lock */,
				1D0621BB1831642A002350B5 /* Sources */,
				1D0621BC1831642A002350B5 /* Frameworks */,
				1D0621BD1831642A002350B5 /* CopyFiles */,
				008F1F3335F14F71B8F702BD /* Copy Pods Resources */,
			);
			buildRules = (
			);
			dependencies = (
			);
			name = Catfish;
			productName = Catfish;
			productReference = 1D0621BF1831642A002350B5 /* libCatfish.a */;
			productType = "com.apple.product-type.library.static";
		};
		1D0621CE1831642A002350B5 /* CatfishTests */ = {
			isa = PBXNativeTarget;
			buildConfigurationList = 1D0621E51831642A002350B5 /* Build configuration list for PBXNativeTarget "CatfishTests" */;
			buildPhases = (
				1D0621CB1831642A002350B5 /* Sources */,
				1D0621CC1831642A002350B5 /* Frameworks */,
				1D0621CD1831642A002350B5 /* Resources */,
			);
			buildRules = (
			);
			dependencies = (
				1D0621D61831642A002350B5 /* PBXTargetDependency */,
			);
			name = CatfishTests;
			productName = CatfishTests;
			productReference = 1D0621CF1831642A002350B5 /* CatfishTests.xctest */;
			productType = "com.apple.product-type.bundle.unit-test";
		};
/* End PBXNativeTarget section */

/* Begin PBXProject section */
		1D0621B71831642A002350B5 /* Project object */ = {
			isa = PBXProject;
			attributes = {
				CLASSPREFIX = CF;
				LastUpgradeCheck = 0500;
				ORGANIZATIONNAME = Sook;
			};
			buildConfigurationList = 1D0621BA1831642A002350B5 /* Build configuration list for PBXProject "Catfish" */;
			compatibilityVersion = "Xcode 3.2";
			developmentRegion = English;
			hasScannedForEncodings = 0;
			knownRegions = (
				en,
			);
			mainGroup = 1D0621B61831642A002350B5;
			productRefGroup = 1D0621C01831642A002350B5 /* Products */;
			projectDirPath = "";
			projectRoot = "";
			targets = (
				1D0621BE1831642A002350B5 /* Catfish */,
				1D0621CE1831642A002350B5 /* CatfishTests */,
			);
		};
/* End PBXProject section */

/* Begin PBXResourcesBuildPhase section */
		1D0621CD1831642A002350B5 /* Resources */ = {
			isa = PBXResourcesBuildPhase;
			buildActionMask = 2147483647;
			files = (
				1D0621DD1831642A002350B5 /* InfoPlist.strings in Resources */,
			);
			runOnlyForDeploymentPostprocessing = 0;
		};
/* End PBXResourcesBuildPhase section */

/* Begin PBXShellScriptBuildPhase section */
		008F1F3335F14F71B8F702BD /* Copy Pods Resources */ = {
			isa = PBXShellScriptBuildPhase;
			buildActionMask = 2147483647;
			files = (
			);
			inputPaths = (
			);
			name = "Copy Pods Resources";
			outputPaths = (
			);
			runOnlyForDeploymentPostprocessing = 0;
			shellPath = /bin/sh;
			shellScript = "\"${SRCROOT}/Pods/Pods-resources.sh\"\n";
			showEnvVarsInLog = 0;
		};
		E2D676329C4B4F948945B7E0 /* Check Pods Manifest.lock */ = {
			isa = PBXShellScriptBuildPhase;
			buildActionMask = 2147483647;
			files = (
			);
			inputPaths = (
			);
			name = "Check Pods Manifest.lock";
			outputPaths = (
			);
			runOnlyForDeploymentPostprocessing = 0;
			shellPath = /bin/sh;
			shellScript = "diff \"${PODS_ROOT}/../Podfile.lock\" \"${PODS_ROOT}/Manifest.lock\" > /dev/null\nif [[ $? != 0 ]] ; then\n    cat << EOM\nerror: The sandbox is not in sync with the Podfile.lock. Run 'pod install' or update your CocoaPods installation.\nEOM\n    exit 1\nfi\n";
			showEnvVarsInLog = 0;
		};
/* End PBXShellScriptBuildPhase section */

/* Begin PBXSourcesBuildPhase section */
		1D0621BB1831642A002350B5 /* Sources */ = {
			isa = PBXSourcesBuildPhase;
			buildActionMask = 2147483647;
			files = (
				1D07D2C9189F2490000EB8E2 /* UIImage+CFColor.m in Sources */,
				1DEB34F81A299C320092DA7A /* NSObject+Blocks.m in Sources */,
				1D07D2C8189F2490000EB8E2 /* UIAlertView+CFUtility.m in Sources */,
				1D2C907C18A3042E002CB358 /* CFUIButton.m in Sources */,
				1D07D2C3189F2490000EB8E2 /* NSException+CFThrowable.m in Sources */,
				1D07D2CC189F2490000EB8E2 /* CFFoundationVersionNumber.m in Sources */,
				1D07D2C6189F2490000EB8E2 /* NSString+CFLocalized.m in Sources */,
				1DEB34E81A2925AA0092DA7A /* UIViewController+CFNavigationItemButton.m in Sources */,
				1D1E85021A8DF22E0076F57E /* CFSoundHelper.m in Sources */,
				1D07D2CA189F2490000EB8E2 /* CFMailMessageCompose.m in Sources */,
				1D07D2CB189F2490000EB8E2 /* CFSMSMessageCompose.m in Sources */,
				1D07D2CD189F2490000EB8E2 /* CFStringConstants.m in Sources */,
				1D07D2C2189F2490000EB8E2 /* NSDate+CFFormattedStrings.m in Sources */,
				1DEB34DD1A2920E20092DA7A /* AUISelectiveBordersLayer.m in Sources */,
				1DEB34DF1A2920E20092DA7A /* UIView+AUISelectiveBorder.m in Sources */,
				1D48EC701A917D4A002B286B /* UIPageViewController+CFScrollView.m in Sources */,
				1DEB34EB1A2925F80092DA7A /* UIViewController+CFPresentViewController.m in Sources */,
				1DEB34DE1A2920E20092DA7A /* AUISelectiveBordersView.m in Sources */,
				1D07D2C7189F2490000EB8E2 /* NSString+CFValidation.m in Sources */,
				1D07D2C4189F2490000EB8E2 /* NSString+CFDateComparable.m in Sources */,
				1D07CB4B1A3172B600A3DF07 /* UIImage+CFResize.m in Sources */,
				1D07D2C5189F2490000EB8E2 /* NSString+CFFormatted.m in Sources */,
				1DEB34F21A295BDD0092DA7A /* UIView+CFRoundify.m in Sources */,
			);
			runOnlyForDeploymentPostprocessing = 0;
		};
		1D0621CB1831642A002350B5 /* Sources */ = {
			isa = PBXSourcesBuildPhase;
			buildActionMask = 2147483647;
			files = (
				1D0621DF1831642A002350B5 /* CatfishTests.m in Sources */,
			);
			runOnlyForDeploymentPostprocessing = 0;
		};
/* End PBXSourcesBuildPhase section */

/* Begin PBXTargetDependency section */
		1D0621D61831642A002350B5 /* PBXTargetDependency */ = {
			isa = PBXTargetDependency;
			target = 1D0621BE1831642A002350B5 /* Catfish */;
			targetProxy = 1D0621D51831642A002350B5 /* PBXContainerItemProxy */;
		};
/* End PBXTargetDependency section */

/* Begin PBXVariantGroup section */
		1D0621DB1831642A002350B5 /* InfoPlist.strings */ = {
			isa = PBXVariantGroup;
			children = (
				1D0621DC1831642A002350B5 /* en */,
			);
			name = InfoPlist.strings;
			sourceTree = "<group>";
		};
		1D0AF921189B4CDC00F68928 /* Localizable.strings */ = {
			isa = PBXVariantGroup;
			children = (
				1D0AF922189B4CDC00F68928 /* en */,
			);
			name = Localizable.strings;
			sourceTree = "<group>";
		};
/* End PBXVariantGroup section */

/* Begin XCBuildConfiguration section */
		1D0621E01831642A002350B5 /* Debug */ = {
			isa = XCBuildConfiguration;
			buildSettings = {
				ALWAYS_SEARCH_USER_PATHS = NO;
				ARCHS = "$(ARCHS_STANDARD_INCLUDING_64_BIT)";
				CLANG_CXX_LANGUAGE_STANDARD = "gnu++0x";
				CLANG_CXX_LIBRARY = "libc++";
				CLANG_ENABLE_MODULES = YES;
				CLANG_ENABLE_OBJC_ARC = YES;
				CLANG_WARN_BOOL_CONVERSION = YES;
				CLANG_WARN_CONSTANT_CONVERSION = YES;
				CLANG_WARN_DIRECT_OBJC_ISA_USAGE = YES_ERROR;
				CLANG_WARN_EMPTY_BODY = YES;
				CLANG_WARN_ENUM_CONVERSION = YES;
				CLANG_WARN_INT_CONVERSION = YES;
				CLANG_WARN_OBJC_ROOT_CLASS = YES_ERROR;
				CLANG_WARN__DUPLICATE_METHOD_MATCH = YES;
				COPY_PHASE_STRIP = NO;
				GCC_C_LANGUAGE_STANDARD = gnu99;
				GCC_DYNAMIC_NO_PIC = NO;
				GCC_OPTIMIZATION_LEVEL = 0;
				GCC_PREPROCESSOR_DEFINITIONS = (
					"DEBUG=1",
					"$(inherited)",
				);
				GCC_SYMBOLS_PRIVATE_EXTERN = NO;
				GCC_WARN_64_TO_32_BIT_CONVERSION = YES;
				GCC_WARN_ABOUT_RETURN_TYPE = YES_ERROR;
				GCC_WARN_UNDECLARED_SELECTOR = YES;
				GCC_WARN_UNINITIALIZED_AUTOS = YES;
				GCC_WARN_UNUSED_FUNCTION = YES;
				GCC_WARN_UNUSED_VARIABLE = YES;
				IPHONEOS_DEPLOYMENT_TARGET = 7.0;
				ONLY_ACTIVE_ARCH = YES;
				SDKROOT = iphoneos;
			};
			name = Debug;
		};
		1D0621E11831642A002350B5 /* Release */ = {
			isa = XCBuildConfiguration;
			buildSettings = {
				ALWAYS_SEARCH_USER_PATHS = NO;
				ARCHS = "$(ARCHS_STANDARD_INCLUDING_64_BIT)";
				CLANG_CXX_LANGUAGE_STANDARD = "gnu++0x";
				CLANG_CXX_LIBRARY = "libc++";
				CLANG_ENABLE_MODULES = YES;
				CLANG_ENABLE_OBJC_ARC = YES;
				CLANG_WARN_BOOL_CONVERSION = YES;
				CLANG_WARN_CONSTANT_CONVERSION = YES;
				CLANG_WARN_DIRECT_OBJC_ISA_USAGE = YES_ERROR;
				CLANG_WARN_EMPTY_BODY = YES;
				CLANG_WARN_ENUM_CONVERSION = YES;
				CLANG_WARN_INT_CONVERSION = YES;
				CLANG_WARN_OBJC_ROOT_CLASS = YES_ERROR;
				CLANG_WARN__DUPLICATE_METHOD_MATCH = YES;
				COPY_PHASE_STRIP = YES;
				ENABLE_NS_ASSERTIONS = NO;
				GCC_C_LANGUAGE_STANDARD = gnu99;
				GCC_WARN_64_TO_32_BIT_CONVERSION = YES;
				GCC_WARN_ABOUT_RETURN_TYPE = YES_ERROR;
				GCC_WARN_UNDECLARED_SELECTOR = YES;
				GCC_WARN_UNINITIALIZED_AUTOS = YES;
				GCC_WARN_UNUSED_FUNCTION = YES;
				GCC_WARN_UNUSED_VARIABLE = YES;
				IPHONEOS_DEPLOYMENT_TARGET = 7.0;
				SDKROOT = iphoneos;
				VALIDATE_PRODUCT = YES;
			};
			name = Release;
		};
		1D0621E31831642A002350B5 /* Debug */ = {
			isa = XCBuildConfiguration;
			baseConfigurationReference = 987B91719BCB4C0EACD6A901 /* Pods.xcconfig */;
			buildSettings = {
				DSTROOT = /tmp/Catfish.dst;
				GCC_PRECOMPILE_PREFIX_HEADER = YES;
				GCC_PREFIX_HEADER = "Catfish/Catfish-Prefix.pch";
				OTHER_LDFLAGS = "-ObjC";
				PRODUCT_NAME = "$(TARGET_NAME)";
				SKIP_INSTALL = YES;
			};
			name = Debug;
		};
		1D0621E41831642A002350B5 /* Release */ = {
			isa = XCBuildConfiguration;
			baseConfigurationReference = 987B91719BCB4C0EACD6A901 /* Pods.xcconfig */;
			buildSettings = {
				DSTROOT = /tmp/Catfish.dst;
				GCC_PRECOMPILE_PREFIX_HEADER = YES;
				GCC_PREFIX_HEADER = "Catfish/Catfish-Prefix.pch";
				OTHER_LDFLAGS = "-ObjC";
				PRODUCT_NAME = "$(TARGET_NAME)";
				SKIP_INSTALL = YES;
			};
			name = Release;
		};
		1D0621E61831642A002350B5 /* Debug */ = {
			isa = XCBuildConfiguration;
			buildSettings = {
				ARCHS = "$(ARCHS_STANDARD_INCLUDING_64_BIT)";
				FRAMEWORK_SEARCH_PATHS = (
					"$(SDKROOT)/Developer/Library/Frameworks",
					"$(inherited)",
					"$(DEVELOPER_FRAMEWORKS_DIR)",
				);
				GCC_PRECOMPILE_PREFIX_HEADER = YES;
				GCC_PREFIX_HEADER = "Catfish/Catfish-Prefix.pch";
				GCC_PREPROCESSOR_DEFINITIONS = (
					"DEBUG=1",
					"$(inherited)",
				);
				INFOPLIST_FILE = "CatfishTests/CatfishTests-Info.plist";
				PRODUCT_NAME = "$(TARGET_NAME)";
				WRAPPER_EXTENSION = xctest;
			};
			name = Debug;
		};
		1D0621E71831642A002350B5 /* Release */ = {
			isa = XCBuildConfiguration;
			buildSettings = {
				ARCHS = "$(ARCHS_STANDARD_INCLUDING_64_BIT)";
				FRAMEWORK_SEARCH_PATHS = (
					"$(SDKROOT)/Developer/Library/Frameworks",
					"$(inherited)",
					"$(DEVELOPER_FRAMEWORKS_DIR)",
				);
				GCC_PRECOMPILE_PREFIX_HEADER = YES;
				GCC_PREFIX_HEADER = "Catfish/Catfish-Prefix.pch";
				INFOPLIST_FILE = "CatfishTests/CatfishTests-Info.plist";
				PRODUCT_NAME = "$(TARGET_NAME)";
				WRAPPER_EXTENSION = xctest;
			};
			name = Release;
		};
/* End XCBuildConfiguration section */

/* Begin XCConfigurationList section */
		1D0621BA1831642A002350B5 /* Build configuration list for PBXProject "Catfish" */ = {
			isa = XCConfigurationList;
			buildConfigurations = (
				1D0621E01831642A002350B5 /* Debug */,
				1D0621E11831642A002350B5 /* Release */,
			);
			defaultConfigurationIsVisible = 0;
			defaultConfigurationName = Release;
		};
		1D0621E21831642A002350B5 /* Build configuration list for PBXNativeTarget "Catfish" */ = {
			isa = XCConfigurationList;
			buildConfigurations = (
				1D0621E31831642A002350B5 /* Debug */,
				1D0621E41831642A002350B5 /* Release */,
			);
			defaultConfigurationIsVisible = 0;
			defaultConfigurationName = Release;
		};
		1D0621E51831642A002350B5 /* Build configuration list for PBXNativeTarget "CatfishTests" */ = {
			isa = XCConfigurationList;
			buildConfigurations = (
				1D0621E61831642A002350B5 /* Debug */,
				1D0621E71831642A002350B5 /* Release */,
			);
			defaultConfigurationIsVisible = 0;
			defaultConfigurationName = Release;
		};
/* End XCConfigurationList section */
	};
	rootObject = 1D0621B71831642A002350B5 /* Project object */;
}
